Microsoft Visual Studio Solution File, Format Version 12.00
# Visual Studio Version 17
VisualStudioVersion = 17.5.2.0
MinimumVisualStudioVersion = 10.0.40219.1
Project("{9A19103F-16F7-4668-BE54-9A1E7A4F7556}") = "CyberSecurityBot", "CyberSecurityBot\CyberSecurityBot.csproj", "{802B79A0-D683-A235-B921-BE8838E3A936}"
EndProject
Global
	GlobalSection(SolutionConfigurationPlatforms) = preSolution
		Debug|Any CPU = Debug|Any CPU
		Release|Any CPU = Release|Any CPU
	EndGlobalSection
	GlobalSection(ProjectConfigurationPlatforms) = postSolution
		{802B79A0-D683-A235-B921-BE8838E3A936}.Debug|Any CPU.ActiveCfg = Debug|Any CPU
		{802B79A0-D683-A235-B921-BE8838E3A936}.Debug|Any CPU.Build.0 = Debug|Any CPU
		{802B79A0-D683-A235-B921-BE8838E3A936}.Release|Any CPU.ActiveCfg = Release|Any CPU
		{802B79A0-D683-A235-B921-BE8838E3A936}.Release|Any CPU.Build.0 = Release|Any CPU
	EndGlobalSection
	GlobalSection(SolutionProperties) = preSolution
		HideSolutionNode = FALSE
	EndGlobalSection
	GlobalSection(ExtensibilityGlobals) = postSolution
		SolutionGuid = {0C640D52-1F87-4569-9CB9-61EE68F97802}
	EndGlobalSection
EndGlobal
